
Microsoft Visual Studio Solution File, Format Version 12.00
# Visual Studio 15
VisualStudioVersion = 15.0.35116.124
MinimumVisualStudioVersion = 10.0.40219.1
Project("{FAE04EC0-301F-11D3-BF4B-00C04F79EFBC}") = "lab_11", "lab_11\lab_11.csproj", "{E45DC4A3-9A9A-4F30-BABD-50995A0DEF85}"
EndProject
Global
	GlobalSection(SolutionConfigurationPlatforms) = preSolution
		Debug|Any CPU = Debug|Any CPU
		Release|Any CPU = Release|Any CPU
	EndGlobalSection
	GlobalSection(ProjectConfigurationPlatforms) = postSolution
		{E45DC4A3-9A9A-4F30-BABD-50995A0DEF85}.Debug|Any CPU.ActiveCfg = Debug|Any CPU
		{E45DC4A3-9A9A-4F30-BABD-50995A0DEF85}.Debug|Any CPU.Build.0 = Debug|Any CPU
		{E45DC4A3-9A9A-4F30-BABD-50995A0DEF85}.Release|Any CPU.ActiveCfg = Release|Any CPU
		{E45DC4A3-9A9A-4F30-BABD-50995A0DEF85}.Release|Any CPU.Build.0 = Release|Any CPU
	EndGlobalSection
	GlobalSection(SolutionProperties) = preSolution
		HideSolutionNode = FALSE
	EndGlobalSection
	GlobalSection(ExtensibilityGlobals) = postSolution
		SolutionGuid = {AE6166BF-BEB5-45FF-89B6-8B1333161AE5}
	EndGlobalSection
EndGlobal
